
Microsoft Visual Studio Solution File, Format Version 12.00
# Visual Studio Version 17
VisualStudioVersion = 17.5.2.0
MinimumVisualStudioVersion = 10.0.40219.1
Project("{2150E333-8FDC-42A3-9474-1A3956D46DE8}") = "C#", "C#", "{1DBD47E2-544B-F58A-27AE-70AE938492FA}"
EndProject
Project("{FAE04EC0-301F-11D3-BF4B-00C04F79EFBC}") = "Conversao_de_tipos", "C#\casting\Conversao_de_tipos.csproj", "{7F5B41E2-B29A-31B8-767E-AB7C5A78D36A}"
EndProject
Project("{FAE04EC0-301F-11D3-BF4B-00C04F79EFBC}") = "tipos_de_dados", "C#\tipos_de_dados\tipos_de_dados.csproj", "{9EA1954F-D3A4-89D9-664E-86582FA3A994}"
EndProject
Project("{2150E333-8FDC-42A3-9474-1A3956D46DE8}") = "condicionais", "condicionais", "{9079AEB2-91C4-212C-35B7-FB1666274EED}"
EndProject
Project("{FAE04EC0-301F-11D3-BF4B-00C04F79EFBC}") = "if_else", "C#\condicionais\if_else\if_else.csproj", "{8D46458E-8870-342E-9B45-13A87B1A884A}"
EndProject
Project("{FAE04EC0-301F-11D3-BF4B-00C04F79EFBC}") = "switch", "C#\condicionais\switch\switch.csproj", "{25EA919F-65B9-48D1-B5AB-E8EBC9D83F16}"
EndProject
Project("{2150E333-8FDC-42A3-9474-1A3956D46DE8}") = "lacos_de_repeticao", "lacos_de_repeticao", "{66D6542E-41C3-756F-63C2-44086D8F227A}"
EndProject
Project("{FAE04EC0-301F-11D3-BF4B-00C04F79EFBC}") = "do_while", "C#\lacos_de_repeticao\do_while\do_while.csproj", "{1E5AAA7C-5089-D853-0F2D-D32264BA7AD4}"
EndProject
Project("{FAE04EC0-301F-11D3-BF4B-00C04F79EFBC}") = "for", "C#\lacos_de_repeticao\for\for.csproj", "{F1C94F5C-AEB9-910D-A2C2-5EEC58956B05}"
EndProject
Project("{FAE04EC0-301F-11D3-BF4B-00C04F79EFBC}") = "while", "C#\lacos_de_repeticao\while\while.csproj", "{09C4B6FA-E950-36A0-46F4-4A748A8B3063}"
EndProject
Project("{2150E333-8FDC-42A3-9474-1A3956D46DE8}") = "operadores", "operadores", "{E642DB41-743E-D14A-0B94-98BB17D804E1}"
EndProject
Project("{FAE04EC0-301F-11D3-BF4B-00C04F79EFBC}") = "operadores_aritmeticos", "C#\operadores\operadores_aritmeticos\operadores_aritmeticos.csproj", "{BCA5ACD6-DC9F-C4B3-AF0B-88EAD62C062F}"
EndProject
Project("{FAE04EC0-301F-11D3-BF4B-00C04F79EFBC}") = "operadores_atribuicao", "C#\operadores\operadores_de_atribuicao\operadores_atribuicao.csproj", "{41B126A6-E9AE-8864-EEE9-B9C42B686125}"
EndProject
Project("{FAE04EC0-301F-11D3-BF4B-00C04F79EFBC}") = "operadores_logicos", "C#\operadores\operadores_logicos\operadores_logicos.csproj", "{46F38212-71C9-020A-E9A6-7FD276120007}"
EndProject
Project("{FAE04EC0-301F-11D3-BF4B-00C04F79EFBC}") = "ordem_aritmetica", "C#\operadores\ordem_aritmetica\ordem_aritmetica.csproj", "{C5309249-C4E9-478D-4F56-08CC02F17307}"
EndProject
Project("{2150E333-8FDC-42A3-9474-1A3956D46DE8}") = "praticas", "praticas", "{CE8BE1A5-CA28-8A94-B5F4-22CF6FFECEB1}"
EndProject
Project("{FAE04EC0-301F-11D3-BF4B-00C04F79EFBC}") = "calculadora", "C#\praticas\calculadora\calculadora.csproj", "{205D3E06-6A63-0B69-90A1-0B17342CD6F6}"
EndProject
Project("{FAE04EC0-301F-11D3-BF4B-00C04F79EFBC}") = "classe", "C#\praticas\classe_exemplo\classe.csproj", "{BEBE9DEA-6AED-A77A-9755-C55C38A0EE79}"
EndProject
Project("{FAE04EC0-301F-11D3-BF4B-00C04F79EFBC}") = "menu_interativo", "C#\praticas\menu_interativo\menu_interativo.csproj", "{D9B7BFFD-69FF-C1EE-C32B-469D88A2BCE4}"
EndProject
Project("{FAE04EC0-301F-11D3-BF4B-00C04F79EFBC}") = "primeiro_projeto", "C#\praticas\primeiro_projeto\primeiro_projeto.csproj", "{269E1D38-6038-7244-8B1E-1A79B0040DE3}"
EndProject
Project("{FAE04EC0-301F-11D3-BF4B-00C04F79EFBC}") = "operadores_de_comparacao", "C#\operadores\operadores_de_comparacao\operadores_de_comparacao.csproj", "{D6FA3584-2031-4C80-BA76-5C0077EDBC7E}"
EndProject
Global
	GlobalSection(SolutionConfigurationPlatforms) = preSolution
		Debug|Any CPU = Debug|Any CPU
		Debug|x64 = Debug|x64
		Debug|x86 = Debug|x86
		Release|Any CPU = Release|Any CPU
		Release|x64 = Release|x64
		Release|x86 = Release|x86
	EndGlobalSection
	GlobalSection(ProjectConfigurationPlatforms) = postSolution
		{7F5B41E2-B29A-31B8-767E-AB7C5A78D36A}.Debug|Any CPU.ActiveCfg = Debug|Any CPU
		{7F5B41E2-B29A-31B8-767E-AB7C5A78D36A}.Debug|Any CPU.Build.0 = Debug|Any CPU
		{7F5B41E2-B29A-31B8-767E-AB7C5A78D36A}.Debug|x64.ActiveCfg = Debug|Any CPU
		{7F5B41E2-B29A-31B8-767E-AB7C5A78D36A}.Debug|x64.Build.0 = Debug|Any CPU
		{7F5B41E2-B29A-31B8-767E-AB7C5A78D36A}.Debug|x86.ActiveCfg = Debug|Any CPU
		{7F5B41E2-B29A-31B8-767E-AB7C5A78D36A}.Debug|x86.Build.0 = Debug|Any CPU
		{7F5B41E2-B29A-31B8-767E-AB7C5A78D36A}.Release|Any CPU.ActiveCfg = Release|Any CPU
		{7F5B41E2-B29A-31B8-767E-AB7C5A78D36A}.Release|Any CPU.Build.0 = Release|Any CPU
		{7F5B41E2-B29A-31B8-767E-AB7C5A78D36A}.Release|x64.ActiveCfg = Release|Any CPU
		{7F5B41E2-B29A-31B8-767E-AB7C5A78D36A}.Release|x64.Build.0 = Release|Any CPU
		{7F5B41E2-B29A-31B8-767E-AB7C5A78D36A}.Release|x86.ActiveCfg = Release|Any CPU
		{7F5B41E2-B29A-31B8-767E-AB7C5A78D36A}.Release|x86.Build.0 = Release|Any CPU
		{9EA1954F-D3A4-89D9-664E-86582FA3A994}.Debug|Any CPU.ActiveCfg = Debug|Any CPU
		{9EA1954F-D3A4-89D9-664E-86582FA3A994}.Debug|Any CPU.Build.0 = Debug|Any CPU
		{9EA1954F-D3A4-89D9-664E-86582FA3A994}.Debug|x64.ActiveCfg = Debug|Any CPU
		{9EA1954F-D3A4-89D9-664E-86582FA3A994}.Debug|x64.Build.0 = Debug|Any CPU
		{9EA1954F-D3A4-89D9-664E-86582FA3A994}.Debug|x86.ActiveCfg = Debug|Any CPU
		{9EA1954F-D3A4-89D9-664E-86582FA3A994}.Debug|x86.Build.0 = Debug|Any CPU
		{9EA1954F-D3A4-89D9-664E-86582FA3A994}.Release|Any CPU.ActiveCfg = Release|Any CPU
		{9EA1954F-D3A4-89D9-664E-86582FA3A994}.Release|Any CPU.Build.0 = Release|Any CPU
		{9EA1954F-D3A4-89D9-664E-86582FA3A994}.Release|x64.ActiveCfg = Release|Any CPU
		{9EA1954F-D3A4-89D9-664E-86582FA3A994}.Release|x64.Build.0 = Release|Any CPU
		{9EA1954F-D3A4-89D9-664E-86582FA3A994}.Release|x86.ActiveCfg = Release|Any CPU
		{9EA1954F-D3A4-89D9-664E-86582FA3A994}.Release|x86.Build.0 = Release|Any CPU
		{8D46458E-8870-342E-9B45-13A87B1A884A}.Debug|Any CPU.ActiveCfg = Debug|Any CPU
		{8D46458E-8870-342E-9B45-13A87B1A884A}.Debug|Any CPU.Build.0 = Debug|Any CPU
		{8D46458E-8870-342E-9B45-13A87B1A884A}.Debug|x64.ActiveCfg = Debug|Any CPU
		{8D46458E-8870-342E-9B45-13A87B1A884A}.Debug|x64.Build.0 = Debug|Any CPU
		{8D46458E-8870-342E-9B45-13A87B1A884A}.Debug|x86.ActiveCfg = Debug|Any CPU
		{8D46458E-8870-342E-9B45-13A87B1A884A}.Debug|x86.Build.0 = Debug|Any CPU
		{8D46458E-8870-342E-9B45-13A87B1A884A}.Release|Any CPU.ActiveCfg = Release|Any CPU
		{8D46458E-8870-342E-9B45-13A87B1A884A}.Release|Any CPU.Build.0 = Release|Any CPU
		{8D46458E-8870-342E-9B45-13A87B1A884A}.Release|x64.ActiveCfg = Release|Any CPU
		{8D46458E-8870-342E-9B45-13A87B1A884A}.Release|x64.Build.0 = Release|Any CPU
		{8D46458E-8870-342E-9B45-13A87B1A884A}.Release|x86.ActiveCfg = Release|Any CPU
		{8D46458E-8870-342E-9B45-13A87B1A884A}.Release|x86.Build.0 = Release|Any CPU
		{25EA919F-65B9-48D1-B5AB-E8EBC9D83F16}.Debug|Any CPU.ActiveCfg = Debug|Any CPU
		{25EA919F-65B9-48D1-B5AB-E8EBC9D83F16}.Debug|Any CPU.Build.0 = Debug|Any CPU
		{25EA919F-65B9-48D1-B5AB-E8EBC9D83F16}.Debug|x64.ActiveCfg = Debug|Any CPU
		{25EA919F-65B9-48D1-B5AB-E8EBC9D83F16}.Debug|x64.Build.0 = Debug|Any CPU
		{25EA919F-65B9-48D1-B5AB-E8EBC9D83F16}.Debug|x86.ActiveCfg = Debug|Any CPU
		{25EA919F-65B9-48D1-B5AB-E8EBC9D83F16}.Debug|x86.Build.0 = Debug|Any CPU
		{25EA919F-65B9-48D1-B5AB-E8EBC9D83F16}.Release|Any CPU.ActiveCfg = Release|Any CPU
		{25EA919F-65B9-48D1-B5AB-E8EBC9D83F16}.Release|Any CPU.Build.0 = Release|Any CPU
		{25EA919F-65B9-48D1-B5AB-E8EBC9D83F16}.Release|x64.ActiveCfg = Release|Any CPU
		{25EA919F-65B9-48D1-B5AB-E8EBC9D83F16}.Release|x64.Build.0 = Release|Any CPU
		{25EA919F-65B9-48D1-B5AB-E8EBC9D83F16}.Release|x86.ActiveCfg = Release|Any CPU
		{25EA919F-65B9-48D1-B5AB-E8EBC9D83F16}.Release|x86.Build.0 = Release|Any CPU
		{1E5AAA7C-5089-D853-0F2D-D32264BA7AD4}.Debug|Any CPU.ActiveCfg = Debug|Any CPU
		{1E5AAA7C-5089-D853-0F2D-D32264BA7AD4}.Debug|Any CPU.Build.0 = Debug|Any CPU
		{1E5AAA7C-5089-D853-0F2D-D32264BA7AD4}.Debug|x64.ActiveCfg = Debug|Any CPU
		{1E5AAA7C-5089-D853-0F2D-D32264BA7AD4}.Debug|x64.Build.0 = Debug|Any CPU
		{1E5AAA7C-5089-D853-0F2D-D32264BA7AD4}.Debug|x86.ActiveCfg = Debug|Any CPU
		{1E5AAA7C-5089-D853-0F2D-D32264BA7AD4}.Debug|x86.Build.0 = Debug|Any CPU
		{1E5AAA7C-5089-D853-0F2D-D32264BA7AD4}.Release|Any CPU.ActiveCfg = Release|Any CPU
		{1E5AAA7C-5089-D853-0F2D-D32264BA7AD4}.Release|Any CPU.Build.0 = Release|Any CPU
		{1E5AAA7C-5089-D853-0F2D-D32264BA7AD4}.Release|x64.ActiveCfg = Release|Any CPU
		{1E5AAA7C-5089-D853-0F2D-D32264BA7AD4}.Release|x64.Build.0 = Release|Any CPU
		{1E5AAA7C-5089-D853-0F2D-D32264BA7AD4}.Release|x86.ActiveCfg = Release|Any CPU
		{1E5AAA7C-5089-D853-0F2D-D32264BA7AD4}.Release|x86.Build.0 = Release|Any CPU
		{F1C94F5C-AEB9-910D-A2C2-5EEC58956B05}.Debug|Any CPU.ActiveCfg = Debug|Any CPU
		{F1C94F5C-AEB9-910D-A2C2-5EEC58956B05}.Debug|Any CPU.Build.0 = Debug|Any CPU
		{F1C94F5C-AEB9-910D-A2C2-5EEC58956B05}.Debug|x64.ActiveCfg = Debug|Any CPU
		{F1C94F5C-AEB9-910D-A2C2-5EEC58956B05}.Debug|x64.Build.0 = Debug|Any CPU
		{F1C94F5C-AEB9-910D-A2C2-5EEC58956B05}.Debug|x86.ActiveCfg = Debug|Any CPU
		{F1C94F5C-AEB9-910D-A2C2-5EEC58956B05}.Debug|x86.Build.0 = Debug|Any CPU
		{F1C94F5C-AEB9-910D-A2C2-5EEC58956B05}.Release|Any CPU.ActiveCfg = Release|Any CPU
		{F1C94F5C-AEB9-910D-A2C2-5EEC58956B05}.Release|Any CPU.Build.0 = Release|Any CPU
		{F1C94F5C-AEB9-910D-A2C2-5EEC58956B05}.Release|x64.ActiveCfg = Release|Any CPU
		{F1C94F5C-AEB9-910D-A2C2-5EEC58956B05}.Release|x64.Build.0 = Release|Any CPU
		{F1C94F5C-AEB9-910D-A2C2-5EEC58956B05}.Release|x86.ActiveCfg = Release|Any CPU
		{F1C94F5C-AEB9-910D-A2C2-5EEC58956B05}.Release|x86.Build.0 = Release|Any CPU
		{09C4B6FA-E950-36A0-46F4-4A748A8B3063}.Debug|Any CPU.ActiveCfg = Debug|Any CPU
		{09C4B6FA-E950-36A0-46F4-4A748A8B3063}.Debug|Any CPU.Build.0 = Debug|Any CPU
		{09C4B6FA-E950-36A0-46F4-4A748A8B3063}.Debug|x64.ActiveCfg = Debug|Any CPU
		{09C4B6FA-E950-36A0-46F4-4A748A8B3063}.Debug|x64.Build.0 = Debug|Any CPU
		{09C4B6FA-E950-36A0-46F4-4A748A8B3063}.Debug|x86.ActiveCfg = Debug|Any CPU
		{09C4B6FA-E950-36A0-46F4-4A748A8B3063}.Debug|x86.Build.0 = Debug|Any CPU
		{09C4B6FA-E950-36A0-46F4-4A748A8B3063}.Release|Any CPU.ActiveCfg = Release|Any CPU
		{09C4B6FA-E950-36A0-46F4-4A748A8B3063}.Release|Any CPU.Build.0 = Release|Any CPU
		{09C4B6FA-E950-36A0-46F4-4A748A8B3063}.Release|x64.ActiveCfg = Release|Any CPU
		{09C4B6FA-E950-36A0-46F4-4A748A8B3063}.Release|x64.Build.0 = Release|Any CPU
		{09C4B6FA-E950-36A0-46F4-4A748A8B3063}.Release|x86.ActiveCfg = Release|Any CPU
		{09C4B6FA-E950-36A0-46F4-4A748A8B3063}.Release|x86.Build.0 = Release|Any CPU
		{BCA5ACD6-DC9F-C4B3-AF0B-88EAD62C062F}.Debug|Any CPU.ActiveCfg = Debug|Any CPU
		{BCA5ACD6-DC9F-C4B3-AF0B-88EAD62C062F}.Debug|Any CPU.Build.0 = Debug|Any CPU
		{BCA5ACD6-DC9F-C4B3-AF0B-88EAD62C062F}.Debug|x64.ActiveCfg = Debug|Any CPU
		{BCA5ACD6-DC9F-C4B3-AF0B-88EAD62C062F}.Debug|x64.Build.0 = Debug|Any CPU
		{BCA5ACD6-DC9F-C4B3-AF0B-88EAD62C062F}.Debug|x86.ActiveCfg = Debug|Any CPU
		{BCA5ACD6-DC9F-C4B3-AF0B-88EAD62C062F}.Debug|x86.Build.0 = Debug|Any CPU
		{BCA5ACD6-DC9F-C4B3-AF0B-88EAD62C062F}.Release|Any CPU.ActiveCfg = Release|Any CPU
		{BCA5ACD6-DC9F-C4B3-AF0B-88EAD62C062F}.Release|Any CPU.Build.0 = Release|Any CPU
		{BCA5ACD6-DC9F-C4B3-AF0B-88EAD62C062F}.Release|x64.ActiveCfg = Release|Any CPU
		{BCA5ACD6-DC9F-C4B3-AF0B-88EAD62C062F}.Release|x64.Build.0 = Release|Any CPU
		{BCA5ACD6-DC9F-C4B3-AF0B-88EAD62C062F}.Release|x86.ActiveCfg = Release|Any CPU
		{BCA5ACD6-DC9F-C4B3-AF0B-88EAD62C062F}.Release|x86.Build.0 = Release|Any CPU
		{41B126A6-E9AE-8864-EEE9-B9C42B686125}.Debug|Any CPU.ActiveCfg = Debug|Any CPU
		{41B126A6-E9AE-8864-EEE9-B9C42B686125}.Debug|Any CPU.Build.0 = Debug|Any CPU
		{41B126A6-E9AE-8864-EEE9-B9C42B686125}.Debug|x64.ActiveCfg = Debug|Any CPU
		{41B126A6-E9AE-8864-EEE9-B9C42B686125}.Debug|x64.Build.0 = Debug|Any CPU
		{41B126A6-E9AE-8864-EEE9-B9C42B686125}.Debug|x86.ActiveCfg = Debug|Any CPU
		{41B126A6-E9AE-8864-EEE9-B9C42B686125}.Debug|x86.Build.0 = Debug|Any CPU
		{41B126A6-E9AE-8864-EEE9-B9C42B686125}.Release|Any CPU.ActiveCfg = Release|Any CPU
		{41B126A6-E9AE-8864-EEE9-B9C42B686125}.Release|Any CPU.Build.0 = Release|Any CPU
		{41B126A6-E9AE-8864-EEE9-B9C42B686125}.Release|x64.ActiveCfg = Release|Any CPU
		{41B126A6-E9AE-8864-EEE9-B9C42B686125}.Release|x64.Build.0 = Release|Any CPU
		{41B126A6-E9AE-8864-EEE9-B9C42B686125}.Release|x86.ActiveCfg = Release|Any CPU
		{41B126A6-E9AE-8864-EEE9-B9C42B686125}.Release|x86.Build.0 = Release|Any CPU
		{46F38212-71C9-020A-E9A6-7FD276120007}.Debug|Any CPU.ActiveCfg = Debug|Any CPU
		{46F38212-71C9-020A-E9A6-7FD276120007}.Debug|Any CPU.Build.0 = Debug|Any CPU
		{46F38212-71C9-020A-E9A6-7FD276120007}.Debug|x64.ActiveCfg = Debug|Any CPU
		{46F38212-71C9-020A-E9A6-7FD276120007}.Debug|x64.Build.0 = Debug|Any CPU
		{46F38212-71C9-020A-E9A6-7FD276120007}.Debug|x86.ActiveCfg = Debug|Any CPU
		{46F38212-71C9-020A-E9A6-7FD276120007}.Debug|x86.Build.0 = Debug|Any CPU
		{46F38212-71C9-020A-E9A6-7FD276120007}.Release|Any CPU.ActiveCfg = Release|Any CPU
		{46F38212-71C9-020A-E9A6-7FD276120007}.Release|Any CPU.Build.0 = Release|Any CPU
		{46F38212-71C9-020A-E9A6-7FD276120007}.Release|x64.ActiveCfg = Release|Any CPU
		{46F38212-71C9-020A-E9A6-7FD276120007}.Release|x64.Build.0 = Release|Any CPU
		{46F38212-71C9-020A-E9A6-7FD276120007}.Release|x86.ActiveCfg = Release|Any CPU
		{46F38212-71C9-020A-E9A6-7FD276120007}.Release|x86.Build.0 = Release|Any CPU
		{C5309249-C4E9-478D-4F56-08CC02F17307}.Debug|Any CPU.ActiveCfg = Debug|Any CPU
		{C5309249-C4E9-478D-4F56-08CC02F17307}.Debug|Any CPU.Build.0 = Debug|Any CPU
		{C5309249-C4E9-478D-4F56-08CC02F17307}.Debug|x64.ActiveCfg = Debug|Any CPU
		{C5309249-C4E9-478D-4F56-08CC02F17307}.Debug|x64.Build.0 = Debug|Any CPU
		{C5309249-C4E9-478D-4F56-08CC02F17307}.Debug|x86.ActiveCfg = Debug|Any CPU
		{C5309249-C4E9-478D-4F56-08CC02F17307}.Debug|x86.Build.0 = Debug|Any CPU
		{C5309249-C4E9-478D-4F56-08CC02F17307}.Release|Any CPU.ActiveCfg = Release|Any CPU
		{C5309249-C4E9-478D-4F56-08CC02F17307}.Release|Any CPU.Build.0 = Release|Any CPU
		{C5309249-C4E9-478D-4F56-08CC02F17307}.Release|x64.ActiveCfg = Release|Any CPU
		{C5309249-C4E9-478D-4F56-08CC02F17307}.Release|x64.Build.0 = Release|Any CPU
		{C5309249-C4E9-478D-4F56-08CC02F17307}.Release|x86.ActiveCfg = Release|Any CPU
		{C5309249-C4E9-478D-4F56-08CC02F17307}.Release|x86.Build.0 = Release|Any CPU
		{205D3E06-6A63-0B69-90A1-0B17342CD6F6}.Debug|Any CPU.ActiveCfg = Debug|Any CPU
		{205D3E06-6A63-0B69-90A1-0B17342CD6F6}.Debug|Any CPU.Build.0 = Debug|Any CPU
		{205D3E06-6A63-0B69-90A1-0B17342CD6F6}.Debug|x64.ActiveCfg = Debug|Any CPU
		{205D3E06-6A63-0B69-90A1-0B17342CD6F6}.Debug|x64.Build.0 = Debug|Any CPU
		{205D3E06-6A63-0B69-90A1-0B17342CD6F6}.Debug|x86.ActiveCfg = Debug|Any CPU
		{205D3E06-6A63-0B69-90A1-0B17342CD6F6}.Debug|x86.Build.0 = Debug|Any CPU
		{205D3E06-6A63-0B69-90A1-0B17342CD6F6}.Release|Any CPU.ActiveCfg = Release|Any CPU
		{205D3E06-6A63-0B69-90A1-0B17342CD6F6}.Release|Any CPU.Build.0 = Release|Any CPU
		{205D3E06-6A63-0B69-90A1-0B17342CD6F6}.Release|x64.ActiveCfg = Release|Any CPU
		{205D3E06-6A63-0B69-90A1-0B17342CD6F6}.Release|x64.Build.0 = Release|Any CPU
		{205D3E06-6A63-0B69-90A1-0B17342CD6F6}.Release|x86.ActiveCfg = Release|Any CPU
		{205D3E06-6A63-0B69-90A1-0B17342CD6F6}.Release|x86.Build.0 = Release|Any CPU
		{BEBE9DEA-6AED-A77A-9755-C55C38A0EE79}.Debug|Any CPU.ActiveCfg = Debug|Any CPU
		{BEBE9DEA-6AED-A77A-9755-C55C38A0EE79}.Debug|Any CPU.Build.0 = Debug|Any CPU
		{BEBE9DEA-6AED-A77A-9755-C55C38A0EE79}.Debug|x64.ActiveCfg = Debug|Any CPU
		{BEBE9DEA-6AED-A77A-9755-C55C38A0EE79}.Debug|x64.Build.0 = Debug|Any CPU
		{BEBE9DEA-6AED-A77A-9755-C55C38A0EE79}.Debug|x86.ActiveCfg = Debug|Any CPU
		{BEBE9DEA-6AED-A77A-9755-C55C38A0EE79}.Debug|x86.Build.0 = Debug|Any CPU
		{BEBE9DEA-6AED-A77A-9755-C55C38A0EE79}.Release|Any CPU.ActiveCfg = Release|Any CPU
		{BEBE9DEA-6AED-A77A-9755-C55C38A0EE79}.Release|Any CPU.Build.0 = Release|Any CPU
		{BEBE9DEA-6AED-A77A-9755-C55C38A0EE79}.Release|x64.ActiveCfg = Release|Any CPU
		{BEBE9DEA-6AED-A77A-9755-C55C38A0EE79}.Release|x64.Build.0 = Release|Any CPU
		{BEBE9DEA-6AED-A77A-9755-C55C38A0EE79}.Release|x86.ActiveCfg = Release|Any CPU
		{BEBE9DEA-6AED-A77A-9755-C55C38A0EE79}.Release|x86.Build.0 = Release|Any CPU
		{D9B7BFFD-69FF-C1EE-C32B-469D88A2BCE4}.Debug|Any CPU.ActiveCfg = Debug|Any CPU
		{D9B7BFFD-69FF-C1EE-C32B-469D88A2BCE4}.Debug|Any CPU.Build.0 = Debug|Any CPU
		{D9B7BFFD-69FF-C1EE-C32B-469D88A2BCE4}.Debug|x64.ActiveCfg = Debug|Any CPU
		{D9B7BFFD-69FF-C1EE-C32B-469D88A2BCE4}.Debug|x64.Build.0 = Debug|Any CPU
		{D9B7BFFD-69FF-C1EE-C32B-469D88A2BCE4}.Debug|x86.ActiveCfg = Debug|Any CPU
		{D9B7BFFD-69FF-C1EE-C32B-469D88A2BCE4}.Debug|x86.Build.0 = Debug|Any CPU
		{D9B7BFFD-69FF-C1EE-C32B-469D88A2BCE4}.Release|Any CPU.ActiveCfg = Release|Any CPU
		{D9B7BFFD-69FF-C1EE-C32B-469D88A2BCE4}.Release|Any CPU.Build.0 = Release|Any CPU
		{D9B7BFFD-69FF-C1EE-C32B-469D88A2BCE4}.Release|x64.ActiveCfg = Release|Any CPU
		{D9B7BFFD-69FF-C1EE-C32B-469D88A2BCE4}.Release|x64.Build.0 = Release|Any CPU
		{D9B7BFFD-69FF-C1EE-C32B-469D88A2BCE4}.Release|x86.ActiveCfg = Release|Any CPU
		{D9B7BFFD-69FF-C1EE-C32B-469D88A2BCE4}.Release|x86.Build.0 = Release|Any CPU
		{269E1D38-6038-7244-8B1E-1A79B0040DE3}.Debug|Any CPU.ActiveCfg = Debug|Any CPU
		{269E1D38-6038-7244-8B1E-1A79B0040DE3}.Debug|Any CPU.Build.0 = Debug|Any CPU
		{269E1D38-6038-7244-8B1E-1A79B0040DE3}.Debug|x64.ActiveCfg = Debug|Any CPU
		{269E1D38-6038-7244-8B1E-1A79B0040DE3}.Debug|x64.Build.0 = Debug|Any CPU
		{269E1D38-6038-7244-8B1E-1A79B0040DE3}.Debug|x86.ActiveCfg = Debug|Any CPU
		{269E1D38-6038-7244-8B1E-1A79B0040DE3}.Debug|x86.Build.0 = Debug|Any CPU
		{269E1D38-6038-7244-8B1E-1A79B0040DE3}.Release|Any CPU.ActiveCfg = Release|Any CPU
		{269E1D38-6038-7244-8B1E-1A79B0040DE3}.Release|Any CPU.Build.0 = Release|Any CPU
		{269E1D38-6038-7244-8B1E-1A79B0040DE3}.Release|x64.ActiveCfg = Release|Any CPU
		{269E1D38-6038-7244-8B1E-1A79B0040DE3}.Release|x64.Build.0 = Release|Any CPU
		{269E1D38-6038-7244-8B1E-1A79B0040DE3}.Release|x86.ActiveCfg = Release|Any CPU
		{269E1D38-6038-7244-8B1E-1A79B0040DE3}.Release|x86.Build.0 = Release|Any CPU
		{D6FA3584-2031-4C80-BA76-5C0077EDBC7E}.Debug|Any CPU.ActiveCfg = Debug|Any CPU
		{D6FA3584-2031-4C80-BA76-5C0077EDBC7E}.Debug|Any CPU.Build.0 = Debug|Any CPU
		{D6FA3584-2031-4C80-BA76-5C0077EDBC7E}.Debug|x64.ActiveCfg = Debug|Any CPU
		{D6FA3584-2031-4C80-BA76-5C0077EDBC7E}.Debug|x64.Build.0 = Debug|Any CPU
		{D6FA3584-2031-4C80-BA76-5C0077EDBC7E}.Debug|x86.ActiveCfg = Debug|Any CPU
		{D6FA3584-2031-4C80-BA76-5C0077EDBC7E}.Debug|x86.Build.0 = Debug|Any CPU
		{D6FA3584-2031-4C80-BA76-5C0077EDBC7E}.Release|Any CPU.ActiveCfg = Release|Any CPU
		{D6FA3584-2031-4C80-BA76-5C0077EDBC7E}.Release|Any CPU.Build.0 = Release|Any CPU
		{D6FA3584-2031-4C80-BA76-5C0077EDBC7E}.Release|x64.ActiveCfg = Release|Any CPU
		{D6FA3584-2031-4C80-BA76-5C0077EDBC7E}.Release|x64.Build.0 = Release|Any CPU
		{D6FA3584-2031-4C80-BA76-5C0077EDBC7E}.Release|x86.ActiveCfg = Release|Any CPU
		{D6FA3584-2031-4C80-BA76-5C0077EDBC7E}.Release|x86.Build.0 = Release|Any CPU
	EndGlobalSection
	GlobalSection(SolutionProperties) = preSolution
		HideSolutionNode = FALSE
	EndGlobalSection
	GlobalSection(NestedProjects) = preSolution
		{7F5B41E2-B29A-31B8-767E-AB7C5A78D36A} = {1DBD47E2-544B-F58A-27AE-70AE938492FA}
		{9EA1954F-D3A4-89D9-664E-86582FA3A994} = {1DBD47E2-544B-F58A-27AE-70AE938492FA}
		{9079AEB2-91C4-212C-35B7-FB1666274EED} = {1DBD47E2-544B-F58A-27AE-70AE938492FA}
		{8D46458E-8870-342E-9B45-13A87B1A884A} = {9079AEB2-91C4-212C-35B7-FB1666274EED}
		{25EA919F-65B9-48D1-B5AB-E8EBC9D83F16} = {9079AEB2-91C4-212C-35B7-FB1666274EED}
		{66D6542E-41C3-756F-63C2-44086D8F227A} = {1DBD47E2-544B-F58A-27AE-70AE938492FA}
		{1E5AAA7C-5089-D853-0F2D-D32264BA7AD4} = {66D6542E-41C3-756F-63C2-44086D8F227A}
		{F1C94F5C-AEB9-910D-A2C2-5EEC58956B05} = {66D6542E-41C3-756F-63C2-44086D8F227A}
		{09C4B6FA-E950-36A0-46F4-4A748A8B3063} = {66D6542E-41C3-756F-63C2-44086D8F227A}
		{E642DB41-743E-D14A-0B94-98BB17D804E1} = {1DBD47E2-544B-F58A-27AE-70AE938492FA}
		{BCA5ACD6-DC9F-C4B3-AF0B-88EAD62C062F} = {E642DB41-743E-D14A-0B94-98BB17D804E1}
		{41B126A6-E9AE-8864-EEE9-B9C42B686125} = {E642DB41-743E-D14A-0B94-98BB17D804E1}
		{46F38212-71C9-020A-E9A6-7FD276120007} = {E642DB41-743E-D14A-0B94-98BB17D804E1}
		{C5309249-C4E9-478D-4F56-08CC02F17307} = {E642DB41-743E-D14A-0B94-98BB17D804E1}
		{CE8BE1A5-CA28-8A94-B5F4-22CF6FFECEB1} = {1DBD47E2-544B-F58A-27AE-70AE938492FA}
		{205D3E06-6A63-0B69-90A1-0B17342CD6F6} = {CE8BE1A5-CA28-8A94-B5F4-22CF6FFECEB1}
		{BEBE9DEA-6AED-A77A-9755-C55C38A0EE79} = {CE8BE1A5-CA28-8A94-B5F4-22CF6FFECEB1}
		{D9B7BFFD-69FF-C1EE-C32B-469D88A2BCE4} = {CE8BE1A5-CA28-8A94-B5F4-22CF6FFECEB1}
		{269E1D38-6038-7244-8B1E-1A79B0040DE3} = {CE8BE1A5-CA28-8A94-B5F4-22CF6FFECEB1}
		{D6FA3584-2031-4C80-BA76-5C0077EDBC7E} = {1DBD47E2-544B-F58A-27AE-70AE938492FA}
	EndGlobalSection
	GlobalSection(ExtensibilityGlobals) = postSolution
		SolutionGuid = {A17E61DC-FF77-4A74-A4C9-AF854728A446}
	EndGlobalSection
EndGlobal
