Microsoft Visual Studio Solution File, Format Version 12.00
# Visual Studio Version 17
VisualStudioVersion = 17.5.2.0
MinimumVisualStudioVersion = 10.0.40219.1
Project("{2150E333-8FDC-42A3-9474-1A3956D46DE8}") = "C#", "C#", "{1DBD47E2-544B-F58A-27AE-70AE938492FA}"
EndProject
Project("{FAE04EC0-301F-11D3-BF4B-00C04F79EFBC}") = "casting", "C#\casting\casting.csproj", "{C56EDBE9-0E34-5771-51C7-8AF849760D6A}"
EndProject
Project("{FAE04EC0-301F-11D3-BF4B-00C04F79EFBC}") = "listas", "C#\listas\listas.csproj", "{14091E7F-3729-A0D3-1028-46CC24352A4A}"
EndProject
Project("{FAE04EC0-301F-11D3-BF4B-00C04F79EFBC}") = "tipos_de_dados", "C#\tipos_de_dados\tipos_de_dados.csproj", "{9EA1954F-D3A4-89D9-664E-86582FA3A994}"
EndProject
Project("{2150E333-8FDC-42A3-9474-1A3956D46DE8}") = "array", "array", "{874021CD-C5ED-7356-7620-5B2828A9136F}"
EndProject
Project("{FAE04EC0-301F-11D3-BF4B-00C04F79EFBC}") = "arrays", "C#\array\arrays\arrays.csproj", "{7098CAFA-6189-4A2B-2A2E-18E075D96C72}"
EndProject
Project("{FAE04EC0-301F-11D3-BF4B-00C04F79EFBC}") = "array_multidimensional", "C#\array\array_multidimensional\array_multidimensional.csproj", "{3B06C18A-4736-EE60-22B1-596C45B8B2BA}"
EndProject
Project("{FAE04EC0-301F-11D3-BF4B-00C04F79EFBC}") = "array_sort", "C#\array\array_sort\array_sort.csproj", "{6572581C-2071-8398-662A-540963649CA0}"
EndProject
Project("{2150E333-8FDC-42A3-9474-1A3956D46DE8}") = "condicionais", "condicionais", "{9079AEB2-91C4-212C-35B7-FB1666274EED}"
EndProject
Project("{FAE04EC0-301F-11D3-BF4B-00C04F79EFBC}") = "if_else", "C#\condicionais\if_else\if_else.csproj", "{8D46458E-8870-342E-9B45-13A87B1A884A}"
EndProject
Project("{FAE04EC0-301F-11D3-BF4B-00C04F79EFBC}") = "switch", "C#\condicionais\switch\switch.csproj", "{25EA919F-65B9-48D1-B5AB-E8EBC9D83F16}"
EndProject
Project("{2150E333-8FDC-42A3-9474-1A3956D46DE8}") = "desafios", "desafios", "{3D3901E1-8BFB-B7D9-1801-8C16E9B11A94}"
EndProject
Project("{FAE04EC0-301F-11D3-BF4B-00C04F79EFBC}") = "desafio_estacionamento", "C#\desafios\desafio_estacionamento\desafio_estacionamento.csproj", "{2BD4D4A5-94AF-68E0-4EFB-A98DAC8C8CFE}"
EndProject
Project("{2150E333-8FDC-42A3-9474-1A3956D46DE8}") = "lacos_de_repeticao", "lacos_de_repeticao", "{66D6542E-41C3-756F-63C2-44086D8F227A}"
EndProject
Project("{FAE04EC0-301F-11D3-BF4B-00C04F79EFBC}") = "do_while", "C#\lacos_de_repeticao\do_while\do_while.csproj", "{1E5AAA7C-5089-D853-0F2D-D32264BA7AD4}"
EndProject
Project("{FAE04EC0-301F-11D3-BF4B-00C04F79EFBC}") = "for", "C#\lacos_de_repeticao\for\for.csproj", "{F1C94F5C-AEB9-910D-A2C2-5EEC58956B05}"
EndProject
Project("{FAE04EC0-301F-11D3-BF4B-00C04F79EFBC}") = "foreach", "C#\lacos_de_repeticao\foreach\foreach.csproj", "{1DFE1663-781A-C5E2-61C2-5E11642D94BB}"
EndProject
Project("{FAE04EC0-301F-11D3-BF4B-00C04F79EFBC}") = "while", "C#\lacos_de_repeticao\while\while.csproj", "{09C4B6FA-E950-36A0-46F4-4A748A8B3063}"
EndProject
Project("{2150E333-8FDC-42A3-9474-1A3956D46DE8}") = "operadores", "operadores", "{E642DB41-743E-D14A-0B94-98BB17D804E1}"
EndProject
Project("{FAE04EC0-301F-11D3-BF4B-00C04F79EFBC}") = "operadores_aritmeticos", "C#\operadores\operadores_aritmeticos\operadores_aritmeticos.csproj", "{BCA5ACD6-DC9F-C4B3-AF0B-88EAD62C062F}"
EndProject
Project("{FAE04EC0-301F-11D3-BF4B-00C04F79EFBC}") = "operadores_de_atribuicao", "C#\operadores\operadores_de_atribuicao\operadores_de_atribuicao.csproj", "{46F159AC-DAF9-239F-811A-64F86B91231B}"
EndProject
Project("{FAE04EC0-301F-11D3-BF4B-00C04F79EFBC}") = "operadores_de_comparacao", "C#\operadores\operadores_de_comparacao\operadores_de_comparacao.csproj", "{29F952FB-C4BF-1EE8-CFE0-BE76FAAB3090}"
EndProject
Project("{FAE04EC0-301F-11D3-BF4B-00C04F79EFBC}") = "operadores_logicos", "C#\operadores\operadores_logicos\operadores_logicos.csproj", "{46F38212-71C9-020A-E9A6-7FD276120007}"
EndProject
Project("{FAE04EC0-301F-11D3-BF4B-00C04F79EFBC}") = "ordem_aritmetica", "C#\operadores\ordem_aritmetica\ordem_aritmetica.csproj", "{C5309249-C4E9-478D-4F56-08CC02F17307}"
EndProject
Project("{2150E333-8FDC-42A3-9474-1A3956D46DE8}") = "orientacao_a_objetos", "orientacao_a_objetos", "{1DF238D3-8B4E-A472-7FF6-F5DDDE4178EA}"
EndProject
Project("{FAE04EC0-301F-11D3-BF4B-00C04F79EFBC}") = "construtores", "C#\orientacao_a_objetos\construtores\construtores.csproj", "{4513A5C3-5226-4938-C66C-D6884E72DA24}"
EndProject
Project("{FAE04EC0-301F-11D3-BF4B-00C04F79EFBC}") = "estrutura_basica", "C#\orientacao_a_objetos\estrutura_basica\estrutura_basica.csproj", "{52E3B4C7-22B0-F2F8-9E11-354624C7694A}"
EndProject
Project("{FAE04EC0-301F-11D3-BF4B-00C04F79EFBC}") = "get_set", "C#\orientacao_a_objetos\get_set\get_set.csproj", "{9D606C51-84F6-1BCC-8869-1DD3F93E6064}"
EndProject
Project("{FAE04EC0-301F-11D3-BF4B-00C04F79EFBC}") = "modificadores_de_acesso", "C#\orientacao_a_objetos\modificadores_de_acesso\modificadores_de_acesso.csproj", "{6DAED33B-3E3E-AEED-CA78-85CD616E3D5E}"
EndProject
Project("{2150E333-8FDC-42A3-9474-1A3956D46DE8}") = "praticas", "praticas", "{CE8BE1A5-CA28-8A94-B5F4-22CF6FFECEB1}"
EndProject
Project("{FAE04EC0-301F-11D3-BF4B-00C04F79EFBC}") = "calculadora", "C#\praticas\calculadora\calculadora.csproj", "{205D3E06-6A63-0B69-90A1-0B17342CD6F6}"
EndProject
Project("{FAE04EC0-301F-11D3-BF4B-00C04F79EFBC}") = "classe_curso", "C#\praticas\classe_curso\classe_curso.csproj", "{9833F7C4-CF0A-3936-B0A2-7D1EE5B27346}"
EndProject
Project("{FAE04EC0-301F-11D3-BF4B-00C04F79EFBC}") = "classe_exemplo", "C#\praticas\classe_exemplo\classe_exemplo.csproj", "{36F54F93-5648-956A-1A20-8A2F5D9C61C1}"
EndProject
Project("{FAE04EC0-301F-11D3-BF4B-00C04F79EFBC}") = "menu_interativo", "C#\praticas\menu_interativo\menu_interativo.csproj", "{D9B7BFFD-69FF-C1EE-C32B-469D88A2BCE4}"
EndProject
Project("{FAE04EC0-301F-11D3-BF4B-00C04F79EFBC}") = "primeiro_projeto", "C#\praticas\primeiro_projeto\primeiro_projeto.csproj", "{269E1D38-6038-7244-8B1E-1A79B0040DE3}"
EndProject
Project("{2150E333-8FDC-42A3-9474-1A3956D46DE8}") = "estrutura_de_um_projeto", "estrutura_de_um_projeto", "{4B787C75-2349-C90A-C45B-407322657B5C}"
EndProject
Project("{FAE04EC0-301F-11D3-BF4B-00C04F79EFBC}") = "exemplo", "C#\praticas\estrutura_de_um_projeto\exemplo\exemplo.csproj", "{023DA3F6-0F9A-7459-6F6E-8373976C7CC8}"
EndProject
Project("{FAE04EC0-301F-11D3-BF4B-00C04F79EFBC}") = "exemplo.common", "C#\praticas\estrutura_de_um_projeto\exemplo.common\exemplo.common.csproj", "{2C29C2DF-0742-6AE0-2D39-6A3C8B788A24}"
EndProject
Global
	GlobalSection(SolutionConfigurationPlatforms) = preSolution
		Debug|Any CPU = Debug|Any CPU
		Release|Any CPU = Release|Any CPU
	EndGlobalSection
	GlobalSection(ProjectConfigurationPlatforms) = postSolution
		{C56EDBE9-0E34-5771-51C7-8AF849760D6A}.Debug|Any CPU.ActiveCfg = Debug|Any CPU
		{C56EDBE9-0E34-5771-51C7-8AF849760D6A}.Debug|Any CPU.Build.0 = Debug|Any CPU
		{C56EDBE9-0E34-5771-51C7-8AF849760D6A}.Release|Any CPU.ActiveCfg = Release|Any CPU
		{C56EDBE9-0E34-5771-51C7-8AF849760D6A}.Release|Any CPU.Build.0 = Release|Any CPU
		{14091E7F-3729-A0D3-1028-46CC24352A4A}.Debug|Any CPU.ActiveCfg = Debug|Any CPU
		{14091E7F-3729-A0D3-1028-46CC24352A4A}.Debug|Any CPU.Build.0 = Debug|Any CPU
		{14091E7F-3729-A0D3-1028-46CC24352A4A}.Release|Any CPU.ActiveCfg = Release|Any CPU
		{14091E7F-3729-A0D3-1028-46CC24352A4A}.Release|Any CPU.Build.0 = Release|Any CPU
		{9EA1954F-D3A4-89D9-664E-86582FA3A994}.Debug|Any CPU.ActiveCfg = Debug|Any CPU
		{9EA1954F-D3A4-89D9-664E-86582FA3A994}.Debug|Any CPU.Build.0 = Debug|Any CPU
		{9EA1954F-D3A4-89D9-664E-86582FA3A994}.Release|Any CPU.ActiveCfg = Release|Any CPU
		{9EA1954F-D3A4-89D9-664E-86582FA3A994}.Release|Any CPU.Build.0 = Release|Any CPU
		{7098CAFA-6189-4A2B-2A2E-18E075D96C72}.Debug|Any CPU.ActiveCfg = Debug|Any CPU
		{7098CAFA-6189-4A2B-2A2E-18E075D96C72}.Debug|Any CPU.Build.0 = Debug|Any CPU
		{7098CAFA-6189-4A2B-2A2E-18E075D96C72}.Release|Any CPU.ActiveCfg = Release|Any CPU
		{7098CAFA-6189-4A2B-2A2E-18E075D96C72}.Release|Any CPU.Build.0 = Release|Any CPU
		{3B06C18A-4736-EE60-22B1-596C45B8B2BA}.Debug|Any CPU.ActiveCfg = Debug|Any CPU
		{3B06C18A-4736-EE60-22B1-596C45B8B2BA}.Debug|Any CPU.Build.0 = Debug|Any CPU
		{3B06C18A-4736-EE60-22B1-596C45B8B2BA}.Release|Any CPU.ActiveCfg = Release|Any CPU
		{3B06C18A-4736-EE60-22B1-596C45B8B2BA}.Release|Any CPU.Build.0 = Release|Any CPU
		{6572581C-2071-8398-662A-540963649CA0}.Debug|Any CPU.ActiveCfg = Debug|Any CPU
		{6572581C-2071-8398-662A-540963649CA0}.Debug|Any CPU.Build.0 = Debug|Any CPU
		{6572581C-2071-8398-662A-540963649CA0}.Release|Any CPU.ActiveCfg = Release|Any CPU
		{6572581C-2071-8398-662A-540963649CA0}.Release|Any CPU.Build.0 = Release|Any CPU
		{8D46458E-8870-342E-9B45-13A87B1A884A}.Debug|Any CPU.ActiveCfg = Debug|Any CPU
		{8D46458E-8870-342E-9B45-13A87B1A884A}.Debug|Any CPU.Build.0 = Debug|Any CPU
		{8D46458E-8870-342E-9B45-13A87B1A884A}.Release|Any CPU.ActiveCfg = Release|Any CPU
		{8D46458E-8870-342E-9B45-13A87B1A884A}.Release|Any CPU.Build.0 = Release|Any CPU
		{25EA919F-65B9-48D1-B5AB-E8EBC9D83F16}.Debug|Any CPU.ActiveCfg = Debug|Any CPU
		{25EA919F-65B9-48D1-B5AB-E8EBC9D83F16}.Debug|Any CPU.Build.0 = Debug|Any CPU
		{25EA919F-65B9-48D1-B5AB-E8EBC9D83F16}.Release|Any CPU.ActiveCfg = Release|Any CPU
		{25EA919F-65B9-48D1-B5AB-E8EBC9D83F16}.Release|Any CPU.Build.0 = Release|Any CPU
		{2BD4D4A5-94AF-68E0-4EFB-A98DAC8C8CFE}.Debug|Any CPU.ActiveCfg = Debug|Any CPU
		{2BD4D4A5-94AF-68E0-4EFB-A98DAC8C8CFE}.Debug|Any CPU.Build.0 = Debug|Any CPU
		{2BD4D4A5-94AF-68E0-4EFB-A98DAC8C8CFE}.Release|Any CPU.ActiveCfg = Release|Any CPU
		{2BD4D4A5-94AF-68E0-4EFB-A98DAC8C8CFE}.Release|Any CPU.Build.0 = Release|Any CPU
		{1E5AAA7C-5089-D853-0F2D-D32264BA7AD4}.Debug|Any CPU.ActiveCfg = Debug|Any CPU
		{1E5AAA7C-5089-D853-0F2D-D32264BA7AD4}.Debug|Any CPU.Build.0 = Debug|Any CPU
		{1E5AAA7C-5089-D853-0F2D-D32264BA7AD4}.Release|Any CPU.ActiveCfg = Release|Any CPU
		{1E5AAA7C-5089-D853-0F2D-D32264BA7AD4}.Release|Any CPU.Build.0 = Release|Any CPU
		{F1C94F5C-AEB9-910D-A2C2-5EEC58956B05}.Debug|Any CPU.ActiveCfg = Debug|Any CPU
		{F1C94F5C-AEB9-910D-A2C2-5EEC58956B05}.Debug|Any CPU.Build.0 = Debug|Any CPU
		{F1C94F5C-AEB9-910D-A2C2-5EEC58956B05}.Release|Any CPU.ActiveCfg = Release|Any CPU
		{F1C94F5C-AEB9-910D-A2C2-5EEC58956B05}.Release|Any CPU.Build.0 = Release|Any CPU
		{1DFE1663-781A-C5E2-61C2-5E11642D94BB}.Debug|Any CPU.ActiveCfg = Debug|Any CPU
		{1DFE1663-781A-C5E2-61C2-5E11642D94BB}.Debug|Any CPU.Build.0 = Debug|Any CPU
		{1DFE1663-781A-C5E2-61C2-5E11642D94BB}.Release|Any CPU.ActiveCfg = Release|Any CPU
		{1DFE1663-781A-C5E2-61C2-5E11642D94BB}.Release|Any CPU.Build.0 = Release|Any CPU
		{09C4B6FA-E950-36A0-46F4-4A748A8B3063}.Debug|Any CPU.ActiveCfg = Debug|Any CPU
		{09C4B6FA-E950-36A0-46F4-4A748A8B3063}.Debug|Any CPU.Build.0 = Debug|Any CPU
		{09C4B6FA-E950-36A0-46F4-4A748A8B3063}.Release|Any CPU.ActiveCfg = Release|Any CPU
		{09C4B6FA-E950-36A0-46F4-4A748A8B3063}.Release|Any CPU.Build.0 = Release|Any CPU
		{BCA5ACD6-DC9F-C4B3-AF0B-88EAD62C062F}.Debug|Any CPU.ActiveCfg = Debug|Any CPU
		{BCA5ACD6-DC9F-C4B3-AF0B-88EAD62C062F}.Debug|Any CPU.Build.0 = Debug|Any CPU
		{BCA5ACD6-DC9F-C4B3-AF0B-88EAD62C062F}.Release|Any CPU.ActiveCfg = Release|Any CPU
		{BCA5ACD6-DC9F-C4B3-AF0B-88EAD62C062F}.Release|Any CPU.Build.0 = Release|Any CPU
		{46F159AC-DAF9-239F-811A-64F86B91231B}.Debug|Any CPU.ActiveCfg = Debug|Any CPU
		{46F159AC-DAF9-239F-811A-64F86B91231B}.Debug|Any CPU.Build.0 = Debug|Any CPU
		{46F159AC-DAF9-239F-811A-64F86B91231B}.Release|Any CPU.ActiveCfg = Release|Any CPU
		{46F159AC-DAF9-239F-811A-64F86B91231B}.Release|Any CPU.Build.0 = Release|Any CPU
		{29F952FB-C4BF-1EE8-CFE0-BE76FAAB3090}.Debug|Any CPU.ActiveCfg = Debug|Any CPU
		{29F952FB-C4BF-1EE8-CFE0-BE76FAAB3090}.Debug|Any CPU.Build.0 = Debug|Any CPU
		{29F952FB-C4BF-1EE8-CFE0-BE76FAAB3090}.Release|Any CPU.ActiveCfg = Release|Any CPU
		{29F952FB-C4BF-1EE8-CFE0-BE76FAAB3090}.Release|Any CPU.Build.0 = Release|Any CPU
		{46F38212-71C9-020A-E9A6-7FD276120007}.Debug|Any CPU.ActiveCfg = Debug|Any CPU
		{46F38212-71C9-020A-E9A6-7FD276120007}.Debug|Any CPU.Build.0 = Debug|Any CPU
		{46F38212-71C9-020A-E9A6-7FD276120007}.Release|Any CPU.ActiveCfg = Release|Any CPU
		{46F38212-71C9-020A-E9A6-7FD276120007}.Release|Any CPU.Build.0 = Release|Any CPU
		{C5309249-C4E9-478D-4F56-08CC02F17307}.Debug|Any CPU.ActiveCfg = Debug|Any CPU
		{C5309249-C4E9-478D-4F56-08CC02F17307}.Debug|Any CPU.Build.0 = Debug|Any CPU
		{C5309249-C4E9-478D-4F56-08CC02F17307}.Release|Any CPU.ActiveCfg = Release|Any CPU
		{C5309249-C4E9-478D-4F56-08CC02F17307}.Release|Any CPU.Build.0 = Release|Any CPU
		{4513A5C3-5226-4938-C66C-D6884E72DA24}.Debug|Any CPU.ActiveCfg = Debug|Any CPU
		{4513A5C3-5226-4938-C66C-D6884E72DA24}.Debug|Any CPU.Build.0 = Debug|Any CPU
		{4513A5C3-5226-4938-C66C-D6884E72DA24}.Release|Any CPU.ActiveCfg = Release|Any CPU
		{4513A5C3-5226-4938-C66C-D6884E72DA24}.Release|Any CPU.Build.0 = Release|Any CPU
		{52E3B4C7-22B0-F2F8-9E11-354624C7694A}.Debug|Any CPU.ActiveCfg = Debug|Any CPU
		{52E3B4C7-22B0-F2F8-9E11-354624C7694A}.Debug|Any CPU.Build.0 = Debug|Any CPU
		{52E3B4C7-22B0-F2F8-9E11-354624C7694A}.Release|Any CPU.ActiveCfg = Release|Any CPU
		{52E3B4C7-22B0-F2F8-9E11-354624C7694A}.Release|Any CPU.Build.0 = Release|Any CPU
		{9D606C51-84F6-1BCC-8869-1DD3F93E6064}.Debug|Any CPU.ActiveCfg = Debug|Any CPU
		{9D606C51-84F6-1BCC-8869-1DD3F93E6064}.Debug|Any CPU.Build.0 = Debug|Any CPU
		{9D606C51-84F6-1BCC-8869-1DD3F93E6064}.Release|Any CPU.ActiveCfg = Release|Any CPU
		{9D606C51-84F6-1BCC-8869-1DD3F93E6064}.Release|Any CPU.Build.0 = Release|Any CPU
		{6DAED33B-3E3E-AEED-CA78-85CD616E3D5E}.Debug|Any CPU.ActiveCfg = Debug|Any CPU
		{6DAED33B-3E3E-AEED-CA78-85CD616E3D5E}.Debug|Any CPU.Build.0 = Debug|Any CPU
		{6DAED33B-3E3E-AEED-CA78-85CD616E3D5E}.Release|Any CPU.ActiveCfg = Release|Any CPU
		{6DAED33B-3E3E-AEED-CA78-85CD616E3D5E}.Release|Any CPU.Build.0 = Release|Any CPU
		{205D3E06-6A63-0B69-90A1-0B17342CD6F6}.Debug|Any CPU.ActiveCfg = Debug|Any CPU
		{205D3E06-6A63-0B69-90A1-0B17342CD6F6}.Debug|Any CPU.Build.0 = Debug|Any CPU
		{205D3E06-6A63-0B69-90A1-0B17342CD6F6}.Release|Any CPU.ActiveCfg = Release|Any CPU
		{205D3E06-6A63-0B69-90A1-0B17342CD6F6}.Release|Any CPU.Build.0 = Release|Any CPU
		{9833F7C4-CF0A-3936-B0A2-7D1EE5B27346}.Debug|Any CPU.ActiveCfg = Debug|Any CPU
		{9833F7C4-CF0A-3936-B0A2-7D1EE5B27346}.Debug|Any CPU.Build.0 = Debug|Any CPU
		{9833F7C4-CF0A-3936-B0A2-7D1EE5B27346}.Release|Any CPU.ActiveCfg = Release|Any CPU
		{9833F7C4-CF0A-3936-B0A2-7D1EE5B27346}.Release|Any CPU.Build.0 = Release|Any CPU
		{36F54F93-5648-956A-1A20-8A2F5D9C61C1}.Debug|Any CPU.ActiveCfg = Debug|Any CPU
		{36F54F93-5648-956A-1A20-8A2F5D9C61C1}.Debug|Any CPU.Build.0 = Debug|Any CPU
		{36F54F93-5648-956A-1A20-8A2F5D9C61C1}.Release|Any CPU.ActiveCfg = Release|Any CPU
		{36F54F93-5648-956A-1A20-8A2F5D9C61C1}.Release|Any CPU.Build.0 = Release|Any CPU
		{D9B7BFFD-69FF-C1EE-C32B-469D88A2BCE4}.Debug|Any CPU.ActiveCfg = Debug|Any CPU
		{D9B7BFFD-69FF-C1EE-C32B-469D88A2BCE4}.Debug|Any CPU.Build.0 = Debug|Any CPU
		{D9B7BFFD-69FF-C1EE-C32B-469D88A2BCE4}.Release|Any CPU.ActiveCfg = Release|Any CPU
		{D9B7BFFD-69FF-C1EE-C32B-469D88A2BCE4}.Release|Any CPU.Build.0 = Release|Any CPU
		{269E1D38-6038-7244-8B1E-1A79B0040DE3}.Debug|Any CPU.ActiveCfg = Debug|Any CPU
		{269E1D38-6038-7244-8B1E-1A79B0040DE3}.Debug|Any CPU.Build.0 = Debug|Any CPU
		{269E1D38-6038-7244-8B1E-1A79B0040DE3}.Release|Any CPU.ActiveCfg = Release|Any CPU
		{269E1D38-6038-7244-8B1E-1A79B0040DE3}.Release|Any CPU.Build.0 = Release|Any CPU
		{023DA3F6-0F9A-7459-6F6E-8373976C7CC8}.Debug|Any CPU.ActiveCfg = Debug|Any CPU
		{023DA3F6-0F9A-7459-6F6E-8373976C7CC8}.Debug|Any CPU.Build.0 = Debug|Any CPU
		{023DA3F6-0F9A-7459-6F6E-8373976C7CC8}.Release|Any CPU.ActiveCfg = Release|Any CPU
		{023DA3F6-0F9A-7459-6F6E-8373976C7CC8}.Release|Any CPU.Build.0 = Release|Any CPU
		{2C29C2DF-0742-6AE0-2D39-6A3C8B788A24}.Debug|Any CPU.ActiveCfg = Debug|Any CPU
		{2C29C2DF-0742-6AE0-2D39-6A3C8B788A24}.Debug|Any CPU.Build.0 = Debug|Any CPU
		{2C29C2DF-0742-6AE0-2D39-6A3C8B788A24}.Release|Any CPU.ActiveCfg = Release|Any CPU
		{2C29C2DF-0742-6AE0-2D39-6A3C8B788A24}.Release|Any CPU.Build.0 = Release|Any CPU
	EndGlobalSection
	GlobalSection(SolutionProperties) = preSolution
		HideSolutionNode = FALSE
	EndGlobalSection
	GlobalSection(NestedProjects) = preSolution
		{C56EDBE9-0E34-5771-51C7-8AF849760D6A} = {1DBD47E2-544B-F58A-27AE-70AE938492FA}
		{14091E7F-3729-A0D3-1028-46CC24352A4A} = {1DBD47E2-544B-F58A-27AE-70AE938492FA}
		{9EA1954F-D3A4-89D9-664E-86582FA3A994} = {1DBD47E2-544B-F58A-27AE-70AE938492FA}
		{874021CD-C5ED-7356-7620-5B2828A9136F} = {1DBD47E2-544B-F58A-27AE-70AE938492FA}
		{7098CAFA-6189-4A2B-2A2E-18E075D96C72} = {874021CD-C5ED-7356-7620-5B2828A9136F}
		{3B06C18A-4736-EE60-22B1-596C45B8B2BA} = {874021CD-C5ED-7356-7620-5B2828A9136F}
		{6572581C-2071-8398-662A-540963649CA0} = {874021CD-C5ED-7356-7620-5B2828A9136F}
		{9079AEB2-91C4-212C-35B7-FB1666274EED} = {1DBD47E2-544B-F58A-27AE-70AE938492FA}
		{8D46458E-8870-342E-9B45-13A87B1A884A} = {9079AEB2-91C4-212C-35B7-FB1666274EED}
		{25EA919F-65B9-48D1-B5AB-E8EBC9D83F16} = {9079AEB2-91C4-212C-35B7-FB1666274EED}
		{3D3901E1-8BFB-B7D9-1801-8C16E9B11A94} = {1DBD47E2-544B-F58A-27AE-70AE938492FA}
		{2BD4D4A5-94AF-68E0-4EFB-A98DAC8C8CFE} = {3D3901E1-8BFB-B7D9-1801-8C16E9B11A94}
		{66D6542E-41C3-756F-63C2-44086D8F227A} = {1DBD47E2-544B-F58A-27AE-70AE938492FA}
		{1E5AAA7C-5089-D853-0F2D-D32264BA7AD4} = {66D6542E-41C3-756F-63C2-44086D8F227A}
		{F1C94F5C-AEB9-910D-A2C2-5EEC58956B05} = {66D6542E-41C3-756F-63C2-44086D8F227A}
		{1DFE1663-781A-C5E2-61C2-5E11642D94BB} = {66D6542E-41C3-756F-63C2-44086D8F227A}
		{09C4B6FA-E950-36A0-46F4-4A748A8B3063} = {66D6542E-41C3-756F-63C2-44086D8F227A}
		{E642DB41-743E-D14A-0B94-98BB17D804E1} = {1DBD47E2-544B-F58A-27AE-70AE938492FA}
		{BCA5ACD6-DC9F-C4B3-AF0B-88EAD62C062F} = {E642DB41-743E-D14A-0B94-98BB17D804E1}
		{46F159AC-DAF9-239F-811A-64F86B91231B} = {E642DB41-743E-D14A-0B94-98BB17D804E1}
		{29F952FB-C4BF-1EE8-CFE0-BE76FAAB3090} = {E642DB41-743E-D14A-0B94-98BB17D804E1}
		{46F38212-71C9-020A-E9A6-7FD276120007} = {E642DB41-743E-D14A-0B94-98BB17D804E1}
		{C5309249-C4E9-478D-4F56-08CC02F17307} = {E642DB41-743E-D14A-0B94-98BB17D804E1}
		{1DF238D3-8B4E-A472-7FF6-F5DDDE4178EA} = {1DBD47E2-544B-F58A-27AE-70AE938492FA}
		{4513A5C3-5226-4938-C66C-D6884E72DA24} = {1DF238D3-8B4E-A472-7FF6-F5DDDE4178EA}
		{52E3B4C7-22B0-F2F8-9E11-354624C7694A} = {1DF238D3-8B4E-A472-7FF6-F5DDDE4178EA}
		{9D606C51-84F6-1BCC-8869-1DD3F93E6064} = {1DF238D3-8B4E-A472-7FF6-F5DDDE4178EA}
		{6DAED33B-3E3E-AEED-CA78-85CD616E3D5E} = {1DF238D3-8B4E-A472-7FF6-F5DDDE4178EA}
		{CE8BE1A5-CA28-8A94-B5F4-22CF6FFECEB1} = {1DBD47E2-544B-F58A-27AE-70AE938492FA}
		{205D3E06-6A63-0B69-90A1-0B17342CD6F6} = {CE8BE1A5-CA28-8A94-B5F4-22CF6FFECEB1}
		{9833F7C4-CF0A-3936-B0A2-7D1EE5B27346} = {CE8BE1A5-CA28-8A94-B5F4-22CF6FFECEB1}
		{36F54F93-5648-956A-1A20-8A2F5D9C61C1} = {CE8BE1A5-CA28-8A94-B5F4-22CF6FFECEB1}
		{D9B7BFFD-69FF-C1EE-C32B-469D88A2BCE4} = {CE8BE1A5-CA28-8A94-B5F4-22CF6FFECEB1}
		{269E1D38-6038-7244-8B1E-1A79B0040DE3} = {CE8BE1A5-CA28-8A94-B5F4-22CF6FFECEB1}
		{4B787C75-2349-C90A-C45B-407322657B5C} = {CE8BE1A5-CA28-8A94-B5F4-22CF6FFECEB1}
		{023DA3F6-0F9A-7459-6F6E-8373976C7CC8} = {4B787C75-2349-C90A-C45B-407322657B5C}
		{2C29C2DF-0742-6AE0-2D39-6A3C8B788A24} = {4B787C75-2349-C90A-C45B-407322657B5C}
	EndGlobalSection
	GlobalSection(ExtensibilityGlobals) = postSolution
		SolutionGuid = {71182AAD-A191-46C5-A12E-B73043F89D83}
	EndGlobalSection
EndGlobal
